// !$*UTF8*$!
{
	archiveVersion = 1;
	classes = {
	};
	objectVersion = 50;
	objects = {

/* Begin PBXBuildFile section */
		1DEBD5127D9FCAABDCF0C42B /* libPods-BaihuTest-BaihuTestUITests.a in Frameworks */ = {isa = PBXBuildFile; fileRef = 2D06BF7A238765012F0EECF2 /* libPods-BaihuTest-BaihuTestUITests.a */; };
		202086FC446872A63FAF646D /* libPods-BaihuTest.a in Frameworks */ = {isa = PBXBuildFile; fileRef = 854FB12CA68D7F00054EAFC6 /* libPods-BaihuTest.a */; };
		245CEB52EB2A6161F928A445 /* libPods-BaihuTestTests.a in Frameworks */ = {isa = PBXBuildFile; fileRef = 9B7A7589BF5CC1512239C57E /* libPods-BaihuTestTests.a */; };
		A03F0A8B245677A8004E3AAB /* AppDelegate.m in Sources */ = {isa = PBXBuildFile; fileRef = A03F0A8A245677A8004E3AAB /* AppDelegate.m */; };
		A03F0A8E245677A8004E3AAB /* SceneDelegate.m in Sources */ = {isa = PBXBuildFile; fileRef = A03F0A8D245677A8004E3AAB /* SceneDelegate.m */; };
		A03F0A96245677AB004E3AAB /* Assets.xcassets in Resources */ = {isa = PBXBuildFile; fileRef = A03F0A95245677AB004E3AAB /* Assets.xcassets */; };
		A03F0A99245677AB004E3AAB /* LaunchScreen.storyboard in Resources */ = {isa = PBXBuildFile; fileRef = A03F0A97245677AB004E3AAB /* LaunchScreen.storyboard */; };
		A03F0A9C245677AB004E3AAB /* main.m in Sources */ = {isa = PBXBuildFile; fileRef = A03F0A9B245677AB004E3AAB /* main.m */; };
		A03F0AA6245677AC004E3AAB /* BaihuTestTests.m in Sources */ = {isa = PBXBuildFile; fileRef = A03F0AA5245677AC004E3AAB /* BaihuTestTests.m */; };
		A03F0AB1245677AC004E3AAB /* BaihuTestUITests.m in Sources */ = {isa = PBXBuildFile; fileRef = A03F0AB0245677AC004E3AAB /* BaihuTestUITests.m */; };
		A03F0AC124568B56004E3AAB /* HomeTabBarItem.m in Sources */ = {isa = PBXBuildFile; fileRef = A03F0AC024568B56004E3AAB /* HomeTabBarItem.m */; };
		A03F0AC42456B20F004E3AAB /* HomeTabBar.m in Sources */ = {isa = PBXBuildFile; fileRef = A03F0AC32456B20F004E3AAB /* HomeTabBar.m */; };
		A03F0AC72456BC8E004E3AAB /* HomeTabBarConfig.m in Sources */ = {isa = PBXBuildFile; fileRef = A03F0AC62456BC8E004E3AAB /* HomeTabBarConfig.m */; };
		A03F0ACA2456BE03004E3AAB /* HomeTabBarController.m in Sources */ = {isa = PBXBuildFile; fileRef = A03F0AC92456BE03004E3AAB /* HomeTabBarController.m */; };
		A03F0ACE24580CE3004E3AAB /* DimenAdapter.m in Sources */ = {isa = PBXBuildFile; fileRef = A03F0ACD24580CE3004E3AAB /* DimenAdapter.m */; };
		A03F0AD1245AB138004E3AAB /* IndexViewController.m in Sources */ = {isa = PBXBuildFile; fileRef = A03F0AD0245AB138004E3AAB /* IndexViewController.m */; };
		A03F0AD5245DB0D6004E3AAB /* IndexTabContainer.m in Sources */ = {isa = PBXBuildFile; fileRef = A03F0AD4245DB0D6004E3AAB /* IndexTabContainer.m */; };
		A073112D24AAD8C600636C74 /* BaseUIViewController.swift in Sources */ = {isa = PBXBuildFile; fileRef = A073112C24AAD8C600636C74 /* BaseUIViewController.swift */; };
		A073113124AADCF700636C74 /* ModelInfoViewController.swift in Sources */ = {isa = PBXBuildFile; fileRef = A073113024AADCF700636C74 /* ModelInfoViewController.swift */; };
		A073113324AADDB000636C74 /* TagInfoViewController.swift in Sources */ = {isa = PBXBuildFile; fileRef = A073113224AADDB000636C74 /* TagInfoViewController.swift */; };
		A086250B248DE32800EEC301 /* TagResponseModel.m in Sources */ = {isa = PBXBuildFile; fileRef = A0862509248DE32800EEC301 /* TagResponseModel.m */; };
		A086250E248DE5CB00EEC301 /* RecommendDetailBasePage.m in Sources */ = {isa = PBXBuildFile; fileRef = A086250D248DE5CB00EEC301 /* RecommendDetailBasePage.m */; };
		A0862511248DE7D800EEC301 /* ModelPageCollectionViewCell.m in Sources */ = {isa = PBXBuildFile; fileRef = A0862510248DE7D800EEC301 /* ModelPageCollectionViewCell.m */; };
		A0862514248E1A9400EEC301 /* ModelPage.m in Sources */ = {isa = PBXBuildFile; fileRef = A0862513248E1A9400EEC301 /* ModelPage.m */; };
		A0862517248E1AA000EEC301 /* TagPage.m in Sources */ = {isa = PBXBuildFile; fileRef = A0862516248E1AA000EEC301 /* TagPage.m */; };
		A086251B248E37BC00EEC301 /* BaseInfoViewController.m in Sources */ = {isa = PBXBuildFile; fileRef = A086251A248E37BC00EEC301 /* BaseInfoViewController.m */; };
		A09824EF247BBF1400E3EC16 /* TableRefreshHeaderView.m in Sources */ = {isa = PBXBuildFile; fileRef = A09824EE247BBF1400E3EC16 /* TableRefreshHeaderView.m */; };
		A09824F2247BCA0700E3EC16 /* TableViewWithRefreshHeader.m in Sources */ = {isa = PBXBuildFile; fileRef = A09824F1247BCA0700E3EC16 /* TableViewWithRefreshHeader.m */; };
		A09F8DA324860074004921E3 /* TableRefreshFooterView.m in Sources */ = {isa = PBXBuildFile; fileRef = A09F8DA224860074004921E3 /* TableRefreshFooterView.m */; };
		A09F8DBF2487B570004921E3 /* RecommendViewController.m in Sources */ = {isa = PBXBuildFile; fileRef = A09F8DBE2487B570004921E3 /* RecommendViewController.m */; };
		A09F8DC22487B684004921E3 /* BaseViewPager.m in Sources */ = {isa = PBXBuildFile; fileRef = A09F8DC12487B684004921E3 /* BaseViewPager.m */; };
		A09F8DC52488E439004921E3 /* RecommendPage.m in Sources */ = {isa = PBXBuildFile; fileRef = A09F8DC42488E439004921E3 /* RecommendPage.m */; };
		A09F8DC82488F579004921E3 /* ModelResponseModel.m in Sources */ = {isa = PBXBuildFile; fileRef = A09F8DC72488F579004921E3 /* ModelResponseModel.m */; };
		A0A43027247A568300A93308 /* UIColor+Addition.m in Sources */ = {isa = PBXBuildFile; fileRef = A0A43026247A568300A93308 /* UIColor+Addition.m */; };
		A0A43043247A9FC200A93308 /* CategoryModel.m in Sources */ = {isa = PBXBuildFile; fileRef = A0A43042247A9FC200A93308 /* CategoryModel.m */; };
		A0A43048247AA00400A93308 /* PhotoItemResponseModel.m in Sources */ = {isa = PBXBuildFile; fileRef = A0A43047247AA00400A93308 /* PhotoItemResponseModel.m */; };
		A0A4304D247AA06E00A93308 /* ConfigBeanModel.m in Sources */ = {isa = PBXBuildFile; fileRef = A0A4304C247AA06E00A93308 /* ConfigBeanModel.m */; };
		A0A43052247AA0C500A93308 /* InitAccountResponseModel.m in Sources */ = {isa = PBXBuildFile; fileRef = A0A43051247AA0C500A93308 /* InitAccountResponseModel.m */; };
		A0A4A6852466B0BC00E74441 /* PhotoListView.m in Sources */ = {isa = PBXBuildFile; fileRef = A0A4A6842466B0BC00E74441 /* PhotoListView.m */; };
		A0A4A6892468F62100E74441 /* NetworkManager.m in Sources */ = {isa = PBXBuildFile; fileRef = A0A4A6882468F62100E74441 /* NetworkManager.m */; };
		A0A4A68B24690C0B00E74441 /* BaihuAPiService.kt in Resources */ = {isa = PBXBuildFile; fileRef = A0A4A68A24690C0B00E74441 /* BaihuAPiService.kt */; };
		A0A4A690246947D900E74441 /* Test.m in Sources */ = {isa = PBXBuildFile; fileRef = A0A4A68F246947D900E74441 /* Test.m */; };
		A0A4A6982469515300E74441 /* UrlConstants.m in Sources */ = {isa = PBXBuildFile; fileRef = A0A4A6972469515300E74441 /* UrlConstants.m */; };
		A0A4A69B2469552C00E74441 /* Constants.m in Sources */ = {isa = PBXBuildFile; fileRef = A0A4A69A2469552C00E74441 /* Constants.m */; };
		A0C8B28A24B5C0F7000592CD /* AlbumCountResponse.swift in Sources */ = {isa = PBXBuildFile; fileRef = A0C8B28924B5C0F7000592CD /* AlbumCountResponse.swift */; };
		A0C8B28C24B9B65D000592CD /* String+URL.swift in Sources */ = {isa = PBXBuildFile; fileRef = A0C8B28B24B9B65D000592CD /* String+URL.swift */; };
		A0D3C400246CEE9800802657 /* PhotoListItemView.m in Sources */ = {isa = PBXBuildFile; fileRef = A0D3C3FF246CEE9800802657 /* PhotoListItemView.m */; };
		A0D3C40A2473AA4700802657 /* AppConfig.m in Sources */ = {isa = PBXBuildFile; fileRef = A0D3C4092473AA4700802657 /* AppConfig.m */; };
		A0D3C4102473DA6D00802657 /* BaseUIView.m in Sources */ = {isa = PBXBuildFile; fileRef = A0D3C40F2473DA6D00802657 /* BaseUIView.m */; };
		A0D3C4142473DE1000802657 /* PhotoViewPage.m in Sources */ = {isa = PBXBuildFile; fileRef = A0D3C4132473DE1000802657 /* PhotoViewPage.m */; };
		A0D3C4172473E02100802657 /* PhotoCollectionViewCell.m in Sources */ = {isa = PBXBuildFile; fileRef = A0D3C4162473E02100802657 /* PhotoCollectionViewCell.m */; };
		A0D3C41A2473E25900802657 /* PhotoWatchViewController.m in Sources */ = {isa = PBXBuildFile; fileRef = A0D3C4192473E25900802657 /* PhotoWatchViewController.m */; };
/* End PBXBuildFile section */

/* Begin PBXContainerItemProxy section */
		A03F0AA2245677AC004E3AAB /* PBXContainerItemProxy */ = {
			isa = PBXContainerItemProxy;
			containerPortal = A03F0A7E245677A8004E3AAB /* Project object */;
			proxyType = 1;
			remoteGlobalIDString = A03F0A85245677A8004E3AAB;
			remoteInfo = BaihuTest;
		};
		A03F0AAD245677AC004E3AAB /* PBXContainerItemProxy */ = {
			isa = PBXContainerItemProxy;
			containerPortal = A03F0A7E245677A8004E3AAB /* Project object */;
			proxyType = 1;
			remoteGlobalIDString = A03F0A85245677A8004E3AAB;
			remoteInfo = BaihuTest;
		};
/* End PBXContainerItemProxy section */

/* Begin PBXFileReference section */
		2D06BF7A238765012F0EECF2 /* libPods-BaihuTest-BaihuTestUITests.a */ = {isa = PBXFileReference; explicitFileType = archive.ar; includeInIndex = 0; path = "libPods-BaihuTest-BaihuTestUITests.a"; sourceTree = BUILT_PRODUCTS_DIR; };
		854FB12CA68D7F00054EAFC6 /* libPods-BaihuTest.a */ = {isa = PBXFileReference; explicitFileType = archive.ar; includeInIndex = 0; path = "libPods-BaihuTest.a"; sourceTree = BUILT_PRODUCTS_DIR; };
		89E19AA926BFD762C84F0AAE /* Pods-BaihuTest.debug.xcconfig */ = {isa = PBXFileReference; includeInIndex = 1; lastKnownFileType = text.xcconfig; name = "Pods-BaihuTest.debug.xcconfig"; path = "Target Support Files/Pods-BaihuTest/Pods-BaihuTest.debug.xcconfig"; sourceTree = "<group>"; };
		923C64EEB7EB21A13B19A1F0 /* Pods-BaihuTest.release.xcconfig */ = {isa = PBXFileReference; includeInIndex = 1; lastKnownFileType = text.xcconfig; name = "Pods-BaihuTest.release.xcconfig"; path = "Target Support Files/Pods-BaihuTest/Pods-BaihuTest.release.xcconfig"; sourceTree = "<group>"; };
		957F973674B448F2C32A7F3E /* Pods-BaihuTest-BaihuTestUITests.release.xcconfig */ = {isa = PBXFileReference; includeInIndex = 1; lastKnownFileType = text.xcconfig; name = "Pods-BaihuTest-BaihuTestUITests.release.xcconfig"; path = "Target Support Files/Pods-BaihuTest-BaihuTestUITests/Pods-BaihuTest-BaihuTestUITests.release.xcconfig"; sourceTree = "<group>"; };
		9B7A7589BF5CC1512239C57E /* libPods-BaihuTestTests.a */ = {isa = PBXFileReference; explicitFileType = archive.ar; includeInIndex = 0; path = "libPods-BaihuTestTests.a"; sourceTree = BUILT_PRODUCTS_DIR; };
		A03F0A86245677A8004E3AAB /* BaihuTest.app */ = {isa = PBXFileReference; explicitFileType = wrapper.application; includeInIndex = 0; path = BaihuTest.app; sourceTree = BUILT_PRODUCTS_DIR; };
		A03F0A89245677A8004E3AAB /* AppDelegate.h */ = {isa = PBXFileReference; lastKnownFileType = sourcecode.c.h; path = AppDelegate.h; sourceTree = "<group>"; };
		A03F0A8A245677A8004E3AAB /* AppDelegate.m */ = {isa = PBXFileReference; lastKnownFileType = sourcecode.c.objc; path = AppDelegate.m; sourceTree = "<group>"; };
		A03F0A8C245677A8004E3AAB /* SceneDelegate.h */ = {isa = PBXFileReference; lastKnownFileType = sourcecode.c.h; path = SceneDelegate.h; sourceTree = "<group>"; };
		A03F0A8D245677A8004E3AAB /* SceneDelegate.m */ = {isa = PBXFileReference; lastKnownFileType = sourcecode.c.objc; path = SceneDelegate.m; sourceTree = "<group>"; };
		A03F0A95245677AB004E3AAB /* Assets.xcassets */ = {isa = PBXFileReference; lastKnownFileType = folder.assetcatalog; path = Assets.xcassets; sourceTree = "<group>"; };
		A03F0A98245677AB004E3AAB /* Base */ = {isa = PBXFileReference; lastKnownFileType = file.storyboard; name = Base; path = Base.lproj/LaunchScreen.storyboard; sourceTree = "<group>"; };
		A03F0A9A245677AB004E3AAB /* Info.plist */ = {isa = PBXFileReference; lastKnownFileType = text.plist.xml; path = Info.plist; sourceTree = "<group>"; };
		A03F0A9B245677AB004E3AAB /* main.m */ = {isa = PBXFileReference; lastKnownFileType = sourcecode.c.objc; path = main.m; sourceTree = "<group>"; };
		A03F0AA1245677AC004E3AAB /* BaihuTestTests.xctest */ = {isa = PBXFileReference; explicitFileType = wrapper.cfbundle; includeInIndex = 0; path = BaihuTestTests.xctest; sourceTree = BUILT_PRODUCTS_DIR; };
		A03F0AA5245677AC004E3AAB /* BaihuTestTests.m */ = {isa = PBXFileReference; lastKnownFileType = sourcecode.c.objc; path = BaihuTestTests.m; sourceTree = "<group>"; };
		A03F0AA7245677AC004E3AAB /* Info.plist */ = {isa = PBXFileReference; lastKnownFileType = text.plist.xml; path = Info.plist; sourceTree = "<group>"; };
		A03F0AAC245677AC004E3AAB /* BaihuTestUITests.xctest */ = {isa = PBXFileReference; explicitFileType = wrapper.cfbundle; includeInIndex = 0; path = BaihuTestUITests.xctest; sourceTree = BUILT_PRODUCTS_DIR; };
		A03F0AB0245677AC004E3AAB /* BaihuTestUITests.m */ = {isa = PBXFileReference; lastKnownFileType = sourcecode.c.objc; path = BaihuTestUITests.m; sourceTree = "<group>"; };
		A03F0AB2245677AC004E3AAB /* Info.plist */ = {isa = PBXFileReference; lastKnownFileType = text.plist.xml; path = Info.plist; sourceTree = "<group>"; };
		A03F0ABF24568B56004E3AAB /* HomeTabBarItem.h */ = {isa = PBXFileReference; lastKnownFileType = sourcecode.c.h; path = HomeTabBarItem.h; sourceTree = "<group>"; };
		A03F0AC024568B56004E3AAB /* HomeTabBarItem.m */ = {isa = PBXFileReference; lastKnownFileType = sourcecode.c.objc; path = HomeTabBarItem.m; sourceTree = "<group>"; };
		A03F0AC22456B20F004E3AAB /* HomeTabBar.h */ = {isa = PBXFileReference; lastKnownFileType = sourcecode.c.h; path = HomeTabBar.h; sourceTree = "<group>"; };
		A03F0AC32456B20F004E3AAB /* HomeTabBar.m */ = {isa = PBXFileReference; lastKnownFileType = sourcecode.c.objc; path = HomeTabBar.m; sourceTree = "<group>"; };
		A03F0AC52456BC8E004E3AAB /* HomeTabBarConfig.h */ = {isa = PBXFileReference; lastKnownFileType = sourcecode.c.h; path = HomeTabBarConfig.h; sourceTree = "<group>"; };
		A03F0AC62456BC8E004E3AAB /* HomeTabBarConfig.m */ = {isa = PBXFileReference; lastKnownFileType = sourcecode.c.objc; path = HomeTabBarConfig.m; sourceTree = "<group>"; };
		A03F0AC82456BE03004E3AAB /* HomeTabBarController.h */ = {isa = PBXFileReference; lastKnownFileType = sourcecode.c.h; path = HomeTabBarController.h; sourceTree = "<group>"; };
		A03F0AC92456BE03004E3AAB /* HomeTabBarController.m */ = {isa = PBXFileReference; lastKnownFileType = sourcecode.c.objc; path = HomeTabBarController.m; sourceTree = "<group>"; };
		A03F0ACC24580CE3004E3AAB /* DimenAdapter.h */ = {isa = PBXFileReference; lastKnownFileType = sourcecode.c.h; path = DimenAdapter.h; sourceTree = "<group>"; };
		A03F0ACD24580CE3004E3AAB /* DimenAdapter.m */ = {isa = PBXFileReference; lastKnownFileType = sourcecode.c.objc; path = DimenAdapter.m; sourceTree = "<group>"; };
		A03F0ACF245AB138004E3AAB /* IndexViewController.h */ = {isa = PBXFileReference; lastKnownFileType = sourcecode.c.h; path = IndexViewController.h; sourceTree = "<group>"; };
		A03F0AD0245AB138004E3AAB /* IndexViewController.m */ = {isa = PBXFileReference; lastKnownFileType = sourcecode.c.objc; path = IndexViewController.m; sourceTree = "<group>"; };
		A03F0AD3245DB0D6004E3AAB /* IndexTabContainer.h */ = {isa = PBXFileReference; lastKnownFileType = sourcecode.c.h; path = IndexTabContainer.h; sourceTree = "<group>"; };
		A03F0AD4245DB0D6004E3AAB /* IndexTabContainer.m */ = {isa = PBXFileReference; lastKnownFileType = sourcecode.c.objc; path = IndexTabContainer.m; sourceTree = "<group>"; };
		A073112B24AAD8C600636C74 /* BaihuTest-Bridging-Header.h */ = {isa = PBXFileReference; lastKnownFileType = sourcecode.c.h; path = "BaihuTest-Bridging-Header.h"; sourceTree = "<group>"; };
		A073112C24AAD8C600636C74 /* BaseUIViewController.swift */ = {isa = PBXFileReference; lastKnownFileType = sourcecode.swift; path = BaseUIViewController.swift; sourceTree = "<group>"; };
		A073113024AADCF700636C74 /* ModelInfoViewController.swift */ = {isa = PBXFileReference; lastKnownFileType = sourcecode.swift; path = ModelInfoViewController.swift; sourceTree = "<group>"; };
		A073113224AADDB000636C74 /* TagInfoViewController.swift */ = {isa = PBXFileReference; lastKnownFileType = sourcecode.swift; path = TagInfoViewController.swift; sourceTree = "<group>"; };
		A0862509248DE32800EEC301 /* TagResponseModel.m */ = {isa = PBXFileReference; fileEncoding = 4; lastKnownFileType = sourcecode.c.objc; path = TagResponseModel.m; sourceTree = "<group>"; };
		A086250A248DE32800EEC301 /* TagResponseModel.h */ = {isa = PBXFileReference; fileEncoding = 4; lastKnownFileType = sourcecode.c.h; path = TagResponseModel.h; sourceTree = "<group>"; };
		A086250C248DE5CB00EEC301 /* RecommendDetailBasePage.h */ = {isa = PBXFileReference; lastKnownFileType = sourcecode.c.h; path = RecommendDetailBasePage.h; sourceTree = "<group>"; };
		A086250D248DE5CB00EEC301 /* RecommendDetailBasePage.m */ = {isa = PBXFileReference; lastKnownFileType = sourcecode.c.objc; path = RecommendDetailBasePage.m; sourceTree = "<group>"; };
		A086250F248DE7D800EEC301 /* ModelPageCollectionViewCell.h */ = {isa = PBXFileReference; lastKnownFileType = sourcecode.c.h; path = ModelPageCollectionViewCell.h; sourceTree = "<group>"; };
		A0862510248DE7D800EEC301 /* ModelPageCollectionViewCell.m */ = {isa = PBXFileReference; lastKnownFileType = sourcecode.c.objc; path = ModelPageCollectionViewCell.m; sourceTree = "<group>"; };
		A0862512248E1A9400EEC301 /* ModelPage.h */ = {isa = PBXFileReference; lastKnownFileType = sourcecode.c.h; path = ModelPage.h; sourceTree = "<group>"; };
		A0862513248E1A9400EEC301 /* ModelPage.m */ = {isa = PBXFileReference; lastKnownFileType = sourcecode.c.objc; path = ModelPage.m; sourceTree = "<group>"; };
		A0862515248E1AA000EEC301 /* TagPage.h */ = {isa = PBXFileReference; lastKnownFileType = sourcecode.c.h; path = TagPage.h; sourceTree = "<group>"; };
		A0862516248E1AA000EEC301 /* TagPage.m */ = {isa = PBXFileReference; lastKnownFileType = sourcecode.c.objc; path = TagPage.m; sourceTree = "<group>"; };
		A0862519248E37BC00EEC301 /* BaseInfoViewController.h */ = {isa = PBXFileReference; lastKnownFileType = sourcecode.c.h; path = BaseInfoViewController.h; sourceTree = "<group>"; };
		A086251A248E37BC00EEC301 /* BaseInfoViewController.m */ = {isa = PBXFileReference; lastKnownFileType = sourcecode.c.objc; path = BaseInfoViewController.m; sourceTree = "<group>"; };
		A09824EB247AB1CB00E3EC16 /* 进度表.md */ = {isa = PBXFileReference; lastKnownFileType = net.daringfireball.markdown; path = "进度表.md"; sourceTree = "<group>"; };
		A09824ED247BBF1400E3EC16 /* TableRefreshHeaderView.h */ = {isa = PBXFileReference; lastKnownFileType = sourcecode.c.h; path = TableRefreshHeaderView.h; sourceTree = "<group>"; };
		A09824EE247BBF1400E3EC16 /* TableRefreshHeaderView.m */ = {isa = PBXFileReference; lastKnownFileType = sourcecode.c.objc; path = TableRefreshHeaderView.m; sourceTree = "<group>"; };
		A09824F0247BCA0700E3EC16 /* TableViewWithRefreshHeader.h */ = {isa = PBXFileReference; lastKnownFileType = sourcecode.c.h; path = TableViewWithRefreshHeader.h; sourceTree = "<group>"; };
		A09824F1247BCA0700E3EC16 /* TableViewWithRefreshHeader.m */ = {isa = PBXFileReference; lastKnownFileType = sourcecode.c.objc; path = TableViewWithRefreshHeader.m; sourceTree = "<group>"; };
		A09F8DA124860074004921E3 /* TableRefreshFooterView.h */ = {isa = PBXFileReference; lastKnownFileType = sourcecode.c.h; path = TableRefreshFooterView.h; sourceTree = "<group>"; };
		A09F8DA224860074004921E3 /* TableRefreshFooterView.m */ = {isa = PBXFileReference; lastKnownFileType = sourcecode.c.objc; path = TableRefreshFooterView.m; sourceTree = "<group>"; };
		A09F8DBD2487B570004921E3 /* RecommendViewController.h */ = {isa = PBXFileReference; lastKnownFileType = sourcecode.c.h; path = RecommendViewController.h; sourceTree = "<group>"; };
		A09F8DBE2487B570004921E3 /* RecommendViewController.m */ = {isa = PBXFileReference; lastKnownFileType = sourcecode.c.objc; path = RecommendViewController.m; sourceTree = "<group>"; };
		A09F8DC02487B684004921E3 /* BaseViewPager.h */ = {isa = PBXFileReference; lastKnownFileType = sourcecode.c.h; path = BaseViewPager.h; sourceTree = "<group>"; };
		A09F8DC12487B684004921E3 /* BaseViewPager.m */ = {isa = PBXFileReference; lastKnownFileType = sourcecode.c.objc; path = BaseViewPager.m; sourceTree = "<group>"; };
		A09F8DC32488E439004921E3 /* RecommendPage.h */ = {isa = PBXFileReference; lastKnownFileType = sourcecode.c.h; path = RecommendPage.h; sourceTree = "<group>"; };
		A09F8DC42488E439004921E3 /* RecommendPage.m */ = {isa = PBXFileReference; lastKnownFileType = sourcecode.c.objc; path = RecommendPage.m; sourceTree = "<group>"; };
		A09F8DC62488F578004921E3 /* ModelResponseModel.h */ = {isa = PBXFileReference; fileEncoding = 4; lastKnownFileType = sourcecode.c.h; path = ModelResponseModel.h; sourceTree = "<group>"; };
		A09F8DC72488F579004921E3 /* ModelResponseModel.m */ = {isa = PBXFileReference; fileEncoding = 4; lastKnownFileType = sourcecode.c.objc; path = ModelResponseModel.m; sourceTree = "<group>"; };
		A0A43025247A568300A93308 /* UIColor+Addition.h */ = {isa = PBXFileReference; lastKnownFileType = sourcecode.c.h; path = "UIColor+Addition.h"; sourceTree = "<group>"; };
		A0A43026247A568300A93308 /* UIColor+Addition.m */ = {isa = PBXFileReference; lastKnownFileType = sourcecode.c.objc; path = "UIColor+Addition.m"; sourceTree = "<group>"; };
		A0A4303D247A9F4700A93308 /* PhotoItemResponseModel.h */ = {isa = PBXFileReference; fileEncoding = 4; lastKnownFileType = sourcecode.c.h; path = PhotoItemResponseModel.h; sourceTree = "<group>"; };
		A0A43041247A9FC200A93308 /* CategoryModel.h */ = {isa = PBXFileReference; lastKnownFileType = sourcecode.c.h; path = CategoryModel.h; sourceTree = "<group>"; };
		A0A43042247A9FC200A93308 /* CategoryModel.m */ = {isa = PBXFileReference; lastKnownFileType = sourcecode.c.objc; path = CategoryModel.m; sourceTree = "<group>"; };
		A0A43047247AA00400A93308 /* PhotoItemResponseModel.m */ = {isa = PBXFileReference; lastKnownFileType = sourcecode.c.objc; path = PhotoItemResponseModel.m; sourceTree = "<group>"; };
		A0A4304B247AA06E00A93308 /* ConfigBeanModel.h */ = {isa = PBXFileReference; lastKnownFileType = sourcecode.c.h; path = ConfigBeanModel.h; sourceTree = "<group>"; };
		A0A4304C247AA06E00A93308 /* ConfigBeanModel.m */ = {isa = PBXFileReference; lastKnownFileType = sourcecode.c.objc; path = ConfigBeanModel.m; sourceTree = "<group>"; };
		A0A43050247AA0C500A93308 /* InitAccountResponseModel.h */ = {isa = PBXFileReference; lastKnownFileType = sourcecode.c.h; path = InitAccountResponseModel.h; sourceTree = "<group>"; };
		A0A43051247AA0C500A93308 /* InitAccountResponseModel.m */ = {isa = PBXFileReference; lastKnownFileType = sourcecode.c.objc; path = InitAccountResponseModel.m; sourceTree = "<group>"; };
		A0A4A6832466B0BC00E74441 /* PhotoListView.h */ = {isa = PBXFileReference; lastKnownFileType = sourcecode.c.h; path = PhotoListView.h; sourceTree = "<group>"; };
		A0A4A6842466B0BC00E74441 /* PhotoListView.m */ = {isa = PBXFileReference; lastKnownFileType = sourcecode.c.objc; path = PhotoListView.m; sourceTree = "<group>"; };
		A0A4A6872468F62100E74441 /* NetworkManager.h */ = {isa = PBXFileReference; lastKnownFileType = sourcecode.c.h; path = NetworkManager.h; sourceTree = "<group>"; };
		A0A4A6882468F62100E74441 /* NetworkManager.m */ = {isa = PBXFileReference; lastKnownFileType = sourcecode.c.objc; path = NetworkManager.m; sourceTree = "<group>"; };
		A0A4A68A24690C0B00E74441 /* BaihuAPiService.kt */ = {isa = PBXFileReference; fileEncoding = 4; lastKnownFileType = text; path = BaihuAPiService.kt; sourceTree = "<group>"; };
		A0A4A68E246947D900E74441 /* Test.h */ = {isa = PBXFileReference; lastKnownFileType = sourcecode.c.h; path = Test.h; sourceTree = "<group>"; };
		A0A4A68F246947D900E74441 /* Test.m */ = {isa = PBXFileReference; lastKnownFileType = sourcecode.c.objc; path = Test.m; sourceTree = "<group>"; };
		A0A4A6962469515300E74441 /* UrlConstants.h */ = {isa = PBXFileReference; lastKnownFileType = sourcecode.c.h; path = UrlConstants.h; sourceTree = "<group>"; };
		A0A4A6972469515300E74441 /* UrlConstants.m */ = {isa = PBXFileReference; lastKnownFileType = sourcecode.c.objc; path = UrlConstants.m; sourceTree = "<group>"; };
		A0A4A6992469552C00E74441 /* Constants.h */ = {isa = PBXFileReference; lastKnownFileType = sourcecode.c.h; path = Constants.h; sourceTree = "<group>"; };
		A0A4A69A2469552C00E74441 /* Constants.m */ = {isa = PBXFileReference; lastKnownFileType = sourcecode.c.objc; path = Constants.m; sourceTree = "<group>"; };
		A0C8B28924B5C0F7000592CD /* AlbumCountResponse.swift */ = {isa = PBXFileReference; lastKnownFileType = sourcecode.swift; path = AlbumCountResponse.swift; sourceTree = "<group>"; };
		A0C8B28B24B9B65D000592CD /* String+URL.swift */ = {isa = PBXFileReference; lastKnownFileType = sourcecode.swift; path = "String+URL.swift"; sourceTree = "<group>"; };
		A0D3C3FE246CEE9800802657 /* PhotoListItemView.h */ = {isa = PBXFileReference; lastKnownFileType = sourcecode.c.h; path = PhotoListItemView.h; sourceTree = "<group>"; };
		A0D3C3FF246CEE9800802657 /* PhotoListItemView.m */ = {isa = PBXFileReference; lastKnownFileType = sourcecode.c.objc; path = PhotoListItemView.m; sourceTree = "<group>"; };
		A0D3C4082473AA4700802657 /* AppConfig.h */ = {isa = PBXFileReference; lastKnownFileType = sourcecode.c.h; path = AppConfig.h; sourceTree = "<group>"; };
		A0D3C4092473AA4700802657 /* AppConfig.m */ = {isa = PBXFileReference; lastKnownFileType = sourcecode.c.objc; path = AppConfig.m; sourceTree = "<group>"; };
		A0D3C40E2473DA6D00802657 /* BaseUIView.h */ = {isa = PBXFileReference; lastKnownFileType = sourcecode.c.h; path = BaseUIView.h; sourceTree = "<group>"; };
		A0D3C40F2473DA6D00802657 /* BaseUIView.m */ = {isa = PBXFileReference; lastKnownFileType = sourcecode.c.objc; path = BaseUIView.m; sourceTree = "<group>"; };
		A0D3C4122473DE1000802657 /* PhotoViewPage.h */ = {isa = PBXFileReference; lastKnownFileType = sourcecode.c.h; path = PhotoViewPage.h; sourceTree = "<group>"; };
		A0D3C4132473DE1000802657 /* PhotoViewPage.m */ = {isa = PBXFileReference; lastKnownFileType = sourcecode.c.objc; path = PhotoViewPage.m; sourceTree = "<group>"; };
		A0D3C4152473E02100802657 /* PhotoCollectionViewCell.h */ = {isa = PBXFileReference; lastKnownFileType = sourcecode.c.h; path = PhotoCollectionViewCell.h; sourceTree = "<group>"; };
		A0D3C4162473E02100802657 /* PhotoCollectionViewCell.m */ = {isa = PBXFileReference; lastKnownFileType = sourcecode.c.objc; path = PhotoCollectionViewCell.m; sourceTree = "<group>"; };
		A0D3C4182473E25900802657 /* PhotoWatchViewController.h */ = {isa = PBXFileReference; lastKnownFileType = sourcecode.c.h; path = PhotoWatchViewController.h; sourceTree = "<group>"; };
		A0D3C4192473E25900802657 /* PhotoWatchViewController.m */ = {isa = PBXFileReference; lastKnownFileType = sourcecode.c.objc; path = PhotoWatchViewController.m; sourceTree = "<group>"; };
		C1BF29D1C1856307481D7DA2 /* Pods-BaihuTestTests.debug.xcconfig */ = {isa = PBXFileReference; includeInIndex = 1; lastKnownFileType = text.xcconfig; name = "Pods-BaihuTestTests.debug.xcconfig"; path = "Target Support Files/Pods-BaihuTestTests/Pods-BaihuTestTests.debug.xcconfig"; sourceTree = "<group>"; };
		DA25E4D479EB1C21DD56B0D1 /* Pods-BaihuTestTests.release.xcconfig */ = {isa = PBXFileReference; includeInIndex = 1; lastKnownFileType = text.xcconfig; name = "Pods-BaihuTestTests.release.xcconfig"; path = "Target Support Files/Pods-BaihuTestTests/Pods-BaihuTestTests.release.xcconfig"; sourceTree = "<group>"; };
		F6B8C94A979558132BC7F54E /* Pods-BaihuTest-BaihuTestUITests.debug.xcconfig */ = {isa = PBXFileReference; includeInIndex = 1; lastKnownFileType = text.xcconfig; name = "Pods-BaihuTest-BaihuTestUITests.debug.xcconfig"; path = "Target Support Files/Pods-BaihuTest-BaihuTestUITests/Pods-BaihuTest-BaihuTestUITests.debug.xcconfig"; sourceTree = "<group>"; };
/* End PBXFileReference section */

/* Begin PBXFrameworksBuildPhase section */
		A03F0A83245677A8004E3AAB /* Frameworks */ = {
			isa = PBXFrameworksBuildPhase;
			buildActionMask = 2147483647;
			files = (
				202086FC446872A63FAF646D /* libPods-BaihuTest.a in Frameworks */,
			);
			runOnlyForDeploymentPostprocessing = 0;
		};
		A03F0A9E245677AC004E3AAB /* Frameworks */ = {
			isa = PBXFrameworksBuildPhase;
			buildActionMask = 2147483647;
			files = (
				245CEB52EB2A6161F928A445 /* libPods-BaihuTestTests.a in Frameworks */,
			);
			runOnlyForDeploymentPostprocessing = 0;
		};
		A03F0AA9245677AC004E3AAB /* Frameworks */ = {
			isa = PBXFrameworksBuildPhase;
			buildActionMask = 2147483647;
			files = (
				1DEBD5127D9FCAABDCF0C42B /* libPods-BaihuTest-BaihuTestUITests.a in Frameworks */,
			);
			runOnlyForDeploymentPostprocessing = 0;
		};
/* End PBXFrameworksBuildPhase section */

/* Begin PBXGroup section */
		2B94F4C9FED4041B45DE1916 /* Frameworks */ = {
			isa = PBXGroup;
			children = (
				854FB12CA68D7F00054EAFC6 /* libPods-BaihuTest.a */,
				2D06BF7A238765012F0EECF2 /* libPods-BaihuTest-BaihuTestUITests.a */,
				9B7A7589BF5CC1512239C57E /* libPods-BaihuTestTests.a */,
			);
			name = Frameworks;
			sourceTree = "<group>";
		};
		665D129AAB8E09AF804AAAD5 /* Pods */ = {
			isa = PBXGroup;
			children = (
				89E19AA926BFD762C84F0AAE /* Pods-BaihuTest.debug.xcconfig */,
				923C64EEB7EB21A13B19A1F0 /* Pods-BaihuTest.release.xcconfig */,
				F6B8C94A979558132BC7F54E /* Pods-BaihuTest-BaihuTestUITests.debug.xcconfig */,
				957F973674B448F2C32A7F3E /* Pods-BaihuTest-BaihuTestUITests.release.xcconfig */,
				C1BF29D1C1856307481D7DA2 /* Pods-BaihuTestTests.debug.xcconfig */,
				DA25E4D479EB1C21DD56B0D1 /* Pods-BaihuTestTests.release.xcconfig */,
			);
			path = Pods;
			sourceTree = "<group>";
		};
		A03F0A7D245677A8004E3AAB = {
			isa = PBXGroup;
			children = (
				A03F0A88245677A8004E3AAB /* BaihuTest */,
				A03F0AA4245677AC004E3AAB /* BaihuTestTests */,
				A03F0AAF245677AC004E3AAB /* BaihuTestUITests */,
				A03F0A87245677A8004E3AAB /* Products */,
				665D129AAB8E09AF804AAAD5 /* Pods */,
				2B94F4C9FED4041B45DE1916 /* Frameworks */,
			);
			sourceTree = "<group>";
		};
		A03F0A87245677A8004E3AAB /* Products */ = {
			isa = PBXGroup;
			children = (
				A03F0A86245677A8004E3AAB /* BaihuTest.app */,
				A03F0AA1245677AC004E3AAB /* BaihuTestTests.xctest */,
				A03F0AAC245677AC004E3AAB /* BaihuTestUITests.xctest */,
			);
			name = Products;
			sourceTree = "<group>";
		};
		A03F0A88245677A8004E3AAB /* BaihuTest */ = {
			isa = PBXGroup;
			children = (
				A09F8DBB2487B4DE004921E3 /* page */,
				A09824EA247AB1A100E3EC16 /* doc */,
				A0D3C4112473DDEF00802657 /* base */,
				A0A4A6912469491D00E74441 /* feature */,
				A0A4A68D246947BE00E74441 /* test */,
				A0A4A6862466B12B00E74441 /* net */,
				A03F0ACB24580CBF004E3AAB /* uiutil */,
				A03F0A89245677A8004E3AAB /* AppDelegate.h */,
				A03F0A8A245677A8004E3AAB /* AppDelegate.m */,
				A03F0A8C245677A8004E3AAB /* SceneDelegate.h */,
				A03F0A8D245677A8004E3AAB /* SceneDelegate.m */,
				A03F0A95245677AB004E3AAB /* Assets.xcassets */,
				A03F0A97245677AB004E3AAB /* LaunchScreen.storyboard */,
				A03F0A9A245677AB004E3AAB /* Info.plist */,
				A03F0A9B245677AB004E3AAB /* main.m */,
				A0A4A6992469552C00E74441 /* Constants.h */,
				A0A4A69A2469552C00E74441 /* Constants.m */,
			);
			path = BaihuTest;
			sourceTree = "<group>";
		};
		A03F0AA4245677AC004E3AAB /* BaihuTestTests */ = {
			isa = PBXGroup;
			children = (
				A03F0AA5245677AC004E3AAB /* BaihuTestTests.m */,
				A03F0AA7245677AC004E3AAB /* Info.plist */,
			);
			path = BaihuTestTests;
			sourceTree = "<group>";
		};
		A03F0AAF245677AC004E3AAB /* BaihuTestUITests */ = {
			isa = PBXGroup;
			children = (
				A03F0AB0245677AC004E3AAB /* BaihuTestUITests.m */,
				A03F0AB2245677AC004E3AAB /* Info.plist */,
			);
			path = BaihuTestUITests;
			sourceTree = "<group>";
		};
		A03F0ABE24568B23004E3AAB /* rootTab */ = {
			isa = PBXGroup;
			children = (
				A03F0ABF24568B56004E3AAB /* HomeTabBarItem.h */,
				A03F0AC024568B56004E3AAB /* HomeTabBarItem.m */,
				A03F0AC22456B20F004E3AAB /* HomeTabBar.h */,
				A03F0AC32456B20F004E3AAB /* HomeTabBar.m */,
				A03F0AC52456BC8E004E3AAB /* HomeTabBarConfig.h */,
				A03F0AC62456BC8E004E3AAB /* HomeTabBarConfig.m */,
				A03F0AC82456BE03004E3AAB /* HomeTabBarController.h */,
				A03F0AC92456BE03004E3AAB /* HomeTabBarController.m */,
			);
			path = rootTab;
			sourceTree = "<group>";
		};
		A03F0ACB24580CBF004E3AAB /* uiutil */ = {
			isa = PBXGroup;
			children = (
				A09824E9247AAA0C00E3EC16 /* customViews */,
				A03F0ACC24580CE3004E3AAB /* DimenAdapter.h */,
				A03F0ACD24580CE3004E3AAB /* DimenAdapter.m */,
				A0A43025247A568300A93308 /* UIColor+Addition.h */,
				A0A43026247A568300A93308 /* UIColor+Addition.m */,
				A0C8B28B24B9B65D000592CD /* String+URL.swift */,
			);
			path = uiutil;
			sourceTree = "<group>";
		};
		A03F0AD2245D527B004E3AAB /* index */ = {
			isa = PBXGroup;
			children = (
				A0A4303C247A9EEB00A93308 /* model */,
				A03F0ACF245AB138004E3AAB /* IndexViewController.h */,
				A03F0AD0245AB138004E3AAB /* IndexViewController.m */,
				A03F0AD3245DB0D6004E3AAB /* IndexTabContainer.h */,
				A03F0AD4245DB0D6004E3AAB /* IndexTabContainer.m */,
				A0D3C3FE246CEE9800802657 /* PhotoListItemView.h */,
				A0D3C3FF246CEE9800802657 /* PhotoListItemView.m */,
			);
			path = index;
			sourceTree = "<group>";
		};
		A0862508248DE30600EEC301 /* model */ = {
			isa = PBXGroup;
			children = (
				A09F8DC62488F578004921E3 /* ModelResponseModel.h */,
				A09F8DC72488F579004921E3 /* ModelResponseModel.m */,
				A086250A248DE32800EEC301 /* TagResponseModel.h */,
				A0862509248DE32800EEC301 /* TagResponseModel.m */,
			);
			path = model;
			sourceTree = "<group>";
		};
		A0862518248E379700EEC301 /* albuminfo */ = {
			isa = PBXGroup;
			children = (
				A0C8B28824B5C0CA000592CD /* model */,
				A0862519248E37BC00EEC301 /* BaseInfoViewController.h */,
				A086251A248E37BC00EEC301 /* BaseInfoViewController.m */,
				A073113024AADCF700636C74 /* ModelInfoViewController.swift */,
				A073113224AADDB000636C74 /* TagInfoViewController.swift */,
			);
			path = albuminfo;
			sourceTree = "<group>";
		};
		A09824E9247AAA0C00E3EC16 /* customViews */ = {
			isa = PBXGroup;
			children = (
			);
			path = customViews;
			sourceTree = "<group>";
		};
		A09824EA247AB1A100E3EC16 /* doc */ = {
			isa = PBXGroup;
			children = (
				A09824EB247AB1CB00E3EC16 /* 进度表.md */,
			);
			path = doc;
			sourceTree = "<group>";
		};
		A09824EC247BBEAA00E3EC16 /* tableView */ = {
			isa = PBXGroup;
			children = (
				A0A4A6832466B0BC00E74441 /* PhotoListView.h */,
				A0A4A6842466B0BC00E74441 /* PhotoListView.m */,
				A09824ED247BBF1400E3EC16 /* TableRefreshHeaderView.h */,
				A09824EE247BBF1400E3EC16 /* TableRefreshHeaderView.m */,
				A09824F0247BCA0700E3EC16 /* TableViewWithRefreshHeader.h */,
				A09824F1247BCA0700E3EC16 /* TableViewWithRefreshHeader.m */,
				A09F8DA124860074004921E3 /* TableRefreshFooterView.h */,
				A09F8DA224860074004921E3 /* TableRefreshFooterView.m */,
			);
			path = tableView;
			sourceTree = "<group>";
		};
		A09F8DBB2487B4DE004921E3 /* page */ = {
			isa = PBXGroup;
			children = (
				A0862518248E379700EEC301 /* albuminfo */,
				A09F8DBC2487B531004921E3 /* recommend */,
				A03F0ABE24568B23004E3AAB /* rootTab */,
				A09824EC247BBEAA00E3EC16 /* tableView */,
				A03F0AD2245D527B004E3AAB /* index */,
				A0D3C40D2473D8E300802657 /* PhotoDetailPage */,
				A09F8DC02487B684004921E3 /* BaseViewPager.h */,
				A09F8DC12487B684004921E3 /* BaseViewPager.m */,
			);
			path = page;
			sourceTree = "<group>";
		};
		A09F8DBC2487B531004921E3 /* recommend */ = {
			isa = PBXGroup;
			children = (
				A0862508248DE30600EEC301 /* model */,
				A09F8DBD2487B570004921E3 /* RecommendViewController.h */,
				A09F8DBE2487B570004921E3 /* RecommendViewController.m */,
				A09F8DC32488E439004921E3 /* RecommendPage.h */,
				A09F8DC42488E439004921E3 /* RecommendPage.m */,
				A086250C248DE5CB00EEC301 /* RecommendDetailBasePage.h */,
				A086250D248DE5CB00EEC301 /* RecommendDetailBasePage.m */,
				A086250F248DE7D800EEC301 /* ModelPageCollectionViewCell.h */,
				A0862510248DE7D800EEC301 /* ModelPageCollectionViewCell.m */,
				A0862512248E1A9400EEC301 /* ModelPage.h */,
				A0862513248E1A9400EEC301 /* ModelPage.m */,
				A0862515248E1AA000EEC301 /* TagPage.h */,
				A0862516248E1AA000EEC301 /* TagPage.m */,
			);
			path = recommend;
			sourceTree = "<group>";
		};
		A0A4303C247A9EEB00A93308 /* model */ = {
			isa = PBXGroup;
			children = (
				A0A43047247AA00400A93308 /* PhotoItemResponseModel.m */,
				A0A43041247A9FC200A93308 /* CategoryModel.h */,
				A0A43042247A9FC200A93308 /* CategoryModel.m */,
				A0A4303D247A9F4700A93308 /* PhotoItemResponseModel.h */,
			);
			path = model;
			sourceTree = "<group>";
		};
		A0A4A6862466B12B00E74441 /* net */ = {
			isa = PBXGroup;
			children = (
				A0A4A68A24690C0B00E74441 /* BaihuAPiService.kt */,
				A0A4A6872468F62100E74441 /* NetworkManager.h */,
				A0A4A6882468F62100E74441 /* NetworkManager.m */,
				A0A4A6962469515300E74441 /* UrlConstants.h */,
				A0A4A6972469515300E74441 /* UrlConstants.m */,
			);
			path = net;
			sourceTree = "<group>";
		};
		A0A4A68D246947BE00E74441 /* test */ = {
			isa = PBXGroup;
			children = (
				A0A4A68E246947D900E74441 /* Test.h */,
				A0A4A68F246947D900E74441 /* Test.m */,
			);
			path = test;
			sourceTree = "<group>";
		};
		A0A4A6912469491D00E74441 /* feature */ = {
			isa = PBXGroup;
			children = (
				A0D3C40424739D5900802657 /* ServerSetting */,
				A0A4A6922469492600E74441 /* account */,
			);
			path = feature;
			sourceTree = "<group>";
		};
		A0A4A6922469492600E74441 /* account */ = {
			isa = PBXGroup;
			children = (
				A0A43050247AA0C500A93308 /* InitAccountResponseModel.h */,
				A0A43051247AA0C500A93308 /* InitAccountResponseModel.m */,
			);
			path = account;
			sourceTree = "<group>";
		};
		A0C8B28824B5C0CA000592CD /* model */ = {
			isa = PBXGroup;
			children = (
				A0C8B28924B5C0F7000592CD /* AlbumCountResponse.swift */,
			);
			path = model;
			sourceTree = "<group>";
		};
		A0D3C40424739D5900802657 /* ServerSetting */ = {
			isa = PBXGroup;
			children = (
				A0A4304B247AA06E00A93308 /* ConfigBeanModel.h */,
				A0A4304C247AA06E00A93308 /* ConfigBeanModel.m */,
				A0D3C4082473AA4700802657 /* AppConfig.h */,
				A0D3C4092473AA4700802657 /* AppConfig.m */,
			);
			path = ServerSetting;
			sourceTree = "<group>";
		};
		A0D3C40D2473D8E300802657 /* PhotoDetailPage */ = {
			isa = PBXGroup;
			children = (
				A0D3C4122473DE1000802657 /* PhotoViewPage.h */,
				A0D3C4132473DE1000802657 /* PhotoViewPage.m */,
				A0D3C4152473E02100802657 /* PhotoCollectionViewCell.h */,
				A0D3C4162473E02100802657 /* PhotoCollectionViewCell.m */,
				A0D3C4182473E25900802657 /* PhotoWatchViewController.h */,
				A0D3C4192473E25900802657 /* PhotoWatchViewController.m */,
			);
			path = PhotoDetailPage;
			sourceTree = "<group>";
		};
		A0D3C4112473DDEF00802657 /* base */ = {
			isa = PBXGroup;
			children = (
				A0D3C40E2473DA6D00802657 /* BaseUIView.h */,
				A0D3C40F2473DA6D00802657 /* BaseUIView.m */,
				A073112C24AAD8C600636C74 /* BaseUIViewController.swift */,
				A073112B24AAD8C600636C74 /* BaihuTest-Bridging-Header.h */,
			);
			path = base;
			sourceTree = "<group>";
		};
/* End PBXGroup section */

/* Begin PBXNativeTarget section */
		A03F0A85245677A8004E3AAB /* BaihuTest */ = {
			isa = PBXNativeTarget;
			buildConfigurationList = A03F0AB5245677AC004E3AAB /* Build configuration list for PBXNativeTarget "BaihuTest" */;
			buildPhases = (
				6CBC2BD9BE81C44E9738E48D /* [CP] Check Pods Manifest.lock */,
				A03F0A82245677A8004E3AAB /* Sources */,
				A03F0A83245677A8004E3AAB /* Frameworks */,
				A03F0A84245677A8004E3AAB /* Resources */,
			);
			buildRules = (
			);
			dependencies = (
			);
			name = BaihuTest;
			productName = BaihuTest;
			productReference = A03F0A86245677A8004E3AAB /* BaihuTest.app */;
			productType = "com.apple.product-type.application";
		};
		A03F0AA0245677AC004E3AAB /* BaihuTestTests */ = {
			isa = PBXNativeTarget;
			buildConfigurationList = A03F0AB8245677AC004E3AAB /* Build configuration list for PBXNativeTarget "BaihuTestTests" */;
			buildPhases = (
				E59E0B5A43D89AD7264B47F7 /* [CP] Check Pods Manifest.lock */,
				A03F0A9D245677AC004E3AAB /* Sources */,
				A03F0A9E245677AC004E3AAB /* Frameworks */,
				A03F0A9F245677AC004E3AAB /* Resources */,
			);
			buildRules = (
			);
			dependencies = (
				A03F0AA3245677AC004E3AAB /* PBXTargetDependency */,
			);
			name = BaihuTestTests;
			productName = BaihuTestTests;
			productReference = A03F0AA1245677AC004E3AAB /* BaihuTestTests.xctest */;
			productType = "com.apple.product-type.bundle.unit-test";
		};
		A03F0AAB245677AC004E3AAB /* BaihuTestUITests */ = {
			isa = PBXNativeTarget;
			buildConfigurationList = A03F0ABB245677AC004E3AAB /* Build configuration list for PBXNativeTarget "BaihuTestUITests" */;
			buildPhases = (
				6D7DFE2212E9617DF77471CD /* [CP] Check Pods Manifest.lock */,
				A03F0AA8245677AC004E3AAB /* Sources */,
				A03F0AA9245677AC004E3AAB /* Frameworks */,
				A03F0AAA245677AC004E3AAB /* Resources */,
			);
			buildRules = (
			);
			dependencies = (
				A03F0AAE245677AC004E3AAB /* PBXTargetDependency */,
			);
			name = BaihuTestUITests;
			productName = BaihuTestUITests;
			productReference = A03F0AAC245677AC004E3AAB /* BaihuTestUITests.xctest */;
			productType = "com.apple.product-type.bundle.ui-testing";
		};
/* End PBXNativeTarget section */

/* Begin PBXProject section */
		A03F0A7E245677A8004E3AAB /* Project object */ = {
			isa = PBXProject;
			attributes = {
				LastUpgradeCheck = 1140;
				ORGANIZATIONNAME = liudong;
				TargetAttributes = {
					A03F0A85245677A8004E3AAB = {
						CreatedOnToolsVersion = 11.4.1;
						LastSwiftMigration = 1150;
					};
					A03F0AA0245677AC004E3AAB = {
						CreatedOnToolsVersion = 11.4.1;
						TestTargetID = A03F0A85245677A8004E3AAB;
					};
					A03F0AAB245677AC004E3AAB = {
						CreatedOnToolsVersion = 11.4.1;
						TestTargetID = A03F0A85245677A8004E3AAB;
					};
				};
			};
			buildConfigurationList = A03F0A81245677A8004E3AAB /* Build configuration list for PBXProject "BaihuTest" */;
			compatibilityVersion = "Xcode 9.3";
			developmentRegion = en;
			hasScannedForEncodings = 0;
			knownRegions = (
				en,
				Base,
			);
			mainGroup = A03F0A7D245677A8004E3AAB;
			productRefGroup = A03F0A87245677A8004E3AAB /* Products */;
			projectDirPath = "";
			projectRoot = "";
			targets = (
				A03F0A85245677A8004E3AAB /* BaihuTest */,
				A03F0AA0245677AC004E3AAB /* BaihuTestTests */,
				A03F0AAB245677AC004E3AAB /* BaihuTestUITests */,
			);
		};
/* End PBXProject section */

/* Begin PBXResourcesBuildPhase section */
		A03F0A84245677A8004E3AAB /* Resources */ = {
			isa = PBXResourcesBuildPhase;
			buildActionMask = 2147483647;
			files = (
				A03F0A99245677AB004E3AAB /* LaunchScreen.storyboard in Resources */,
				A03F0A96245677AB004E3AAB /* Assets.xcassets in Resources */,
				A0A4A68B24690C0B00E74441 /* BaihuAPiService.kt in Resources */,
			);
			runOnlyForDeploymentPostprocessing = 0;
		};
		A03F0A9F245677AC004E3AAB /* Resources */ = {
			isa = PBXResourcesBuildPhase;
			buildActionMask = 2147483647;
			files = (
			);
			runOnlyForDeploymentPostprocessing = 0;
		};
		A03F0AAA245677AC004E3AAB /* Resources */ = {
			isa = PBXResourcesBuildPhase;
			buildActionMask = 2147483647;
			files = (
			);
			runOnlyForDeploymentPostprocessing = 0;
		};
/* End PBXResourcesBuildPhase section */

/* Begin PBXShellScriptBuildPhase section */
		6CBC2BD9BE81C44E9738E48D /* [CP] Check Pods Manifest.lock */ = {
			isa = PBXShellScriptBuildPhase;
			buildActionMask = 2147483647;
			files = (
			);
			inputFileListPaths = (
			);
			inputPaths = (
				"${PODS_PODFILE_DIR_PATH}/Podfile.lock",
				"${PODS_ROOT}/Manifest.lock",
			);
			name = "[CP] Check Pods Manifest.lock";
			outputFileListPaths = (
			);
			outputPaths = (
				"$(DERIVED_FILE_DIR)/Pods-BaihuTest-checkManifestLockResult.txt",
			);
			runOnlyForDeploymentPostprocessing = 0;
			shellPath = /bin/sh;
			shellScript = "diff \"${PODS_PODFILE_DIR_PATH}/Podfile.lock\" \"${PODS_ROOT}/Manifest.lock\" > /dev/null\nif [ $? != 0 ] ; then\n    # print error to STDERR\n    echo \"error: The sandbox is not in sync with the Podfile.lock. Run 'pod install' or update your CocoaPods installation.\" >&2\n    exit 1\nfi\n# This output is used by Xcode 'outputs' to avoid re-running this script phase.\necho \"SUCCESS\" > \"${SCRIPT_OUTPUT_FILE_0}\"\n";
			showEnvVarsInLog = 0;
		};
		6D7DFE2212E9617DF77471CD /* [CP] Check Pods Manifest.lock */ = {
			isa = PBXShellScriptBuildPhase;
			buildActionMask = 2147483647;
			files = (
			);
			inputFileListPaths = (
			);
			inputPaths = (
				"${PODS_PODFILE_DIR_PATH}/Podfile.lock",
				"${PODS_ROOT}/Manifest.lock",
			);
			name = "[CP] Check Pods Manifest.lock";
			outputFileListPaths = (
			);
			outputPaths = (
				"$(DERIVED_FILE_DIR)/Pods-BaihuTest-BaihuTestUITests-checkManifestLockResult.txt",
			);
			runOnlyForDeploymentPostprocessing = 0;
			shellPath = /bin/sh;
			shellScript = "diff \"${PODS_PODFILE_DIR_PATH}/Podfile.lock\" \"${PODS_ROOT}/Manifest.lock\" > /dev/null\nif [ $? != 0 ] ; then\n    # print error to STDERR\n    echo \"error: The sandbox is not in sync with the Podfile.lock. Run 'pod install' or update your CocoaPods installation.\" >&2\n    exit 1\nfi\n# This output is used by Xcode 'outputs' to avoid re-running this script phase.\necho \"SUCCESS\" > \"${SCRIPT_OUTPUT_FILE_0}\"\n";
			showEnvVarsInLog = 0;
		};
		E59E0B5A43D89AD7264B47F7 /* [CP] Check Pods Manifest.lock */ = {
			isa = PBXShellScriptBuildPhase;
			buildActionMask = 2147483647;
			files = (
			);
			inputFileListPaths = (
			);
			inputPaths = (
				"${PODS_PODFILE_DIR_PATH}/Podfile.lock",
				"${PODS_ROOT}/Manifest.lock",
			);
			name = "[CP] Check Pods Manifest.lock";
			outputFileListPaths = (
			);
			outputPaths = (
				"$(DERIVED_FILE_DIR)/Pods-BaihuTestTests-checkManifestLockResult.txt",
			);
			runOnlyForDeploymentPostprocessing = 0;
			shellPath = /bin/sh;
			shellScript = "diff \"${PODS_PODFILE_DIR_PATH}/Podfile.lock\" \"${PODS_ROOT}/Manifest.lock\" > /dev/null\nif [ $? != 0 ] ; then\n    # print error to STDERR\n    echo \"error: The sandbox is not in sync with the Podfile.lock. Run 'pod install' or update your CocoaPods installation.\" >&2\n    exit 1\nfi\n# This output is used by Xcode 'outputs' to avoid re-running this script phase.\necho \"SUCCESS\" > \"${SCRIPT_OUTPUT_FILE_0}\"\n";
			showEnvVarsInLog = 0;
		};
/* End PBXShellScriptBuildPhase section */

/* Begin PBXSourcesBuildPhase section */
		A03F0A82245677A8004E3AAB /* Sources */ = {
			isa = PBXSourcesBuildPhase;
			buildActionMask = 2147483647;
			files = (
				A0A43048247AA00400A93308 /* PhotoItemResponseModel.m in Sources */,
				A09F8DC52488E439004921E3 /* RecommendPage.m in Sources */,
				A0A4304D247AA06E00A93308 /* ConfigBeanModel.m in Sources */,
				A0A4A690246947D900E74441 /* Test.m in Sources */,
				A0C8B28C24B9B65D000592CD /* String+URL.swift in Sources */,
				A0D3C4172473E02100802657 /* PhotoCollectionViewCell.m in Sources */,
				A0862511248DE7D800EEC301 /* ModelPageCollectionViewCell.m in Sources */,
				A0A4A6852466B0BC00E74441 /* PhotoListView.m in Sources */,
				A03F0AD5245DB0D6004E3AAB /* IndexTabContainer.m in Sources */,
				A0A4A69B2469552C00E74441 /* Constants.m in Sources */,
				A086250E248DE5CB00EEC301 /* RecommendDetailBasePage.m in Sources */,
				A03F0AC72456BC8E004E3AAB /* HomeTabBarConfig.m in Sources */,
				A0C8B28A24B5C0F7000592CD /* AlbumCountResponse.swift in Sources */,
				A073113324AADDB000636C74 /* TagInfoViewController.swift in Sources */,
				A0862517248E1AA000EEC301 /* TagPage.m in Sources */,
				A0D3C4142473DE1000802657 /* PhotoViewPage.m in Sources */,
				A03F0ACA2456BE03004E3AAB /* HomeTabBarController.m in Sources */,
				A09824EF247BBF1400E3EC16 /* TableRefreshHeaderView.m in Sources */,
				A09F8DBF2487B570004921E3 /* RecommendViewController.m in Sources */,
				A0A43052247AA0C500A93308 /* InitAccountResponseModel.m in Sources */,
				A0A4A6892468F62100E74441 /* NetworkManager.m in Sources */,
				A09F8DC82488F579004921E3 /* ModelResponseModel.m in Sources */,
				A0D3C40A2473AA4700802657 /* AppConfig.m in Sources */,
				A09F8DA324860074004921E3 /* TableRefreshFooterView.m in Sources */,
				A0A43027247A568300A93308 /* UIColor+Addition.m in Sources */,
				A03F0AD1245AB138004E3AAB /* IndexViewController.m in Sources */,
				A0A43043247A9FC200A93308 /* CategoryModel.m in Sources */,
				A0D3C4102473DA6D00802657 /* BaseUIView.m in Sources */,
				A09824F2247BCA0700E3EC16 /* TableViewWithRefreshHeader.m in Sources */,
				A0D3C400246CEE9800802657 /* PhotoListItemView.m in Sources */,
				A0A4A6982469515300E74441 /* UrlConstants.m in Sources */,
				A086251B248E37BC00EEC301 /* BaseInfoViewController.m in Sources */,
				A086250B248DE32800EEC301 /* TagResponseModel.m in Sources */,
				A0862514248E1A9400EEC301 /* ModelPage.m in Sources */,
				A073112D24AAD8C600636C74 /* BaseUIViewController.swift in Sources */,
				A03F0A8B245677A8004E3AAB /* AppDelegate.m in Sources */,
				A03F0A9C245677AB004E3AAB /* main.m in Sources */,
				A03F0A8E245677A8004E3AAB /* SceneDelegate.m in Sources */,
				A03F0AC42456B20F004E3AAB /* HomeTabBar.m in Sources */,
				A03F0AC124568B56004E3AAB /* HomeTabBarItem.m in Sources */,
				A073113124AADCF700636C74 /* ModelInfoViewController.swift in Sources */,
				A09F8DC22487B684004921E3 /* BaseViewPager.m in Sources */,
				A03F0ACE24580CE3004E3AAB /* DimenAdapter.m in Sources */,
				A0D3C41A2473E25900802657 /* PhotoWatchViewController.m in Sources */,
			);
			runOnlyForDeploymentPostprocessing = 0;
		};
		A03F0A9D245677AC004E3AAB /* Sources */ = {
			isa = PBXSourcesBuildPhase;
			buildActionMask = 2147483647;
			files = (
				A03F0AA6245677AC004E3AAB /* BaihuTestTests.m in Sources */,
			);
			runOnlyForDeploymentPostprocessing = 0;
		};
		A03F0AA8245677AC004E3AAB /* Sources */ = {
			isa = PBXSourcesBuildPhase;
			buildActionMask = 2147483647;
			files = (
				A03F0AB1245677AC004E3AAB /* BaihuTestUITests.m in Sources */,
			);
			runOnlyForDeploymentPostprocessing = 0;
		};
/* End PBXSourcesBuildPhase section */

/* Begin PBXTargetDependency section */
		A03F0AA3245677AC004E3AAB /* PBXTargetDependency */ = {
			isa = PBXTargetDependency;
			target = A03F0A85245677A8004E3AAB /* BaihuTest */;
			targetProxy = A03F0AA2245677AC004E3AAB /* PBXContainerItemProxy */;
		};
		A03F0AAE245677AC004E3AAB /* PBXTargetDependency */ = {
			isa = PBXTargetDependency;
			target = A03F0A85245677A8004E3AAB /* BaihuTest */;
			targetProxy = A03F0AAD245677AC004E3AAB /* PBXContainerItemProxy */;
		};
/* End PBXTargetDependency section */

/* Begin PBXVariantGroup section */
		A03F0A97245677AB004E3AAB /* LaunchScreen.storyboard */ = {
			isa = PBXVariantGroup;
			children = (
				A03F0A98245677AB004E3AAB /* Base */,
			);
			name = LaunchScreen.storyboard;
			sourceTree = "<group>";
		};
/* End PBXVariantGroup section */

/* Begin XCBuildConfiguration section */
		A03F0AB3245677AC004E3AAB /* Debug */ = {
			isa = XCBuildConfiguration;
			buildSettings = {
				ALWAYS_SEARCH_USER_PATHS = NO;
				CLANG_ANALYZER_NONNULL = YES;
				CLANG_ANALYZER_NUMBER_OBJECT_CONVERSION = YES_AGGRESSIVE;
				CLANG_CXX_LANGUAGE_STANDARD = "gnu++14";
				CLANG_CXX_LIBRARY = "libc++";
				CLANG_ENABLE_MODULES = YES;
				CLANG_ENABLE_OBJC_ARC = YES;
				CLANG_ENABLE_OBJC_WEAK = YES;
				CLANG_WARN_BLOCK_CAPTURE_AUTORELEASING = YES;
				CLANG_WARN_BOOL_CONVERSION = YES;
				CLANG_WARN_COMMA = YES;
				CLANG_WARN_CONSTANT_CONVERSION = YES;
				CLANG_WARN_DEPRECATED_OBJC_IMPLEMENTATIONS = YES;
				CLANG_WARN_DIRECT_OBJC_ISA_USAGE = YES_ERROR;
				CLANG_WARN_DOCUMENTATION_COMMENTS = YES;
				CLANG_WARN_EMPTY_BODY = YES;
				CLANG_WARN_ENUM_CONVERSION = YES;
				CLANG_WARN_INFINITE_RECURSION = YES;
				CLANG_WARN_INT_CONVERSION = YES;
				CLANG_WARN_NON_LITERAL_NULL_CONVERSION = YES;
				CLANG_WARN_OBJC_IMPLICIT_RETAIN_SELF = YES;
				CLANG_WARN_OBJC_LITERAL_CONVERSION = YES;
				CLANG_WARN_OBJC_ROOT_CLASS = YES_ERROR;
				CLANG_WARN_RANGE_LOOP_ANALYSIS = YES;
				CLANG_WARN_STRICT_PROTOTYPES = YES;
				CLANG_WARN_SUSPICIOUS_MOVE = YES;
				CLANG_WARN_UNGUARDED_AVAILABILITY = YES_AGGRESSIVE;
				CLANG_WARN_UNREACHABLE_CODE = YES;
				CLANG_WARN__DUPLICATE_METHOD_MATCH = YES;
				COPY_PHASE_STRIP = NO;
				DEBUG_INFORMATION_FORMAT = dwarf;
				ENABLE_STRICT_OBJC_MSGSEND = YES;
				ENABLE_TESTABILITY = YES;
				GCC_C_LANGUAGE_STANDARD = gnu11;
				GCC_DYNAMIC_NO_PIC = NO;
				GCC_NO_COMMON_BLOCKS = YES;
				GCC_OPTIMIZATION_LEVEL = 0;
				GCC_PREPROCESSOR_DEFINITIONS = (
					"DEBUG=1",
					"$(inherited)",
				);
				GCC_WARN_64_TO_32_BIT_CONVERSION = YES;
				GCC_WARN_ABOUT_RETURN_TYPE = YES_ERROR;
				GCC_WARN_UNDECLARED_SELECTOR = YES;
				GCC_WARN_UNINITIALIZED_AUTOS = YES_AGGRESSIVE;
				GCC_WARN_UNUSED_FUNCTION = YES;
				GCC_WARN_UNUSED_VARIABLE = YES;
				IPHONEOS_DEPLOYMENT_TARGET = 13.4;
				MTL_ENABLE_DEBUG_INFO = INCLUDE_SOURCE;
				MTL_FAST_MATH = YES;
				ONLY_ACTIVE_ARCH = YES;
				SDKROOT = iphoneos;
			};
			name = Debug;
		};
		A03F0AB4245677AC004E3AAB /* Release */ = {
			isa = XCBuildConfiguration;
			buildSettings = {
				ALWAYS_SEARCH_USER_PATHS = NO;
				CLANG_ANALYZER_NONNULL = YES;
				CLANG_ANALYZER_NUMBER_OBJECT_CONVERSION = YES_AGGRESSIVE;
				CLANG_CXX_LANGUAGE_STANDARD = "gnu++14";
				CLANG_CXX_LIBRARY = "libc++";
				CLANG_ENABLE_MODULES = YES;
				CLANG_ENABLE_OBJC_ARC = YES;
				CLANG_ENABLE_OBJC_WEAK = YES;
				CLANG_WARN_BLOCK_CAPTURE_AUTORELEASING = YES;
				CLANG_WARN_BOOL_CONVERSION = YES;
				CLANG_WARN_COMMA = YES;
				CLANG_WARN_CONSTANT_CONVERSION = YES;
				CLANG_WARN_DEPRECATED_OBJC_IMPLEMENTATIONS = YES;
				CLANG_WARN_DIRECT_OBJC_ISA_USAGE = YES_ERROR;
				CLANG_WARN_DOCUMENTATION_COMMENTS = YES;
				CLANG_WARN_EMPTY_BODY = YES;
				CLANG_WARN_ENUM_CONVERSION = YES;
				CLANG_WARN_INFINITE_RECURSION = YES;
				CLANG_WARN_INT_CONVERSION = YES;
				CLANG_WARN_NON_LITERAL_NULL_CONVERSION = YES;
				CLANG_WARN_OBJC_IMPLICIT_RETAIN_SELF = YES;
				CLANG_WARN_OBJC_LITERAL_CONVERSION = YES;
				CLANG_WARN_OBJC_ROOT_CLASS = YES_ERROR;
				CLANG_WARN_RANGE_LOOP_ANALYSIS = YES;
				CLANG_WARN_STRICT_PROTOTYPES = YES;
				CLANG_WARN_SUSPICIOUS_MOVE = YES;
				CLANG_WARN_UNGUARDED_AVAILABILITY = YES_AGGRESSIVE;
				CLANG_WARN_UNREACHABLE_CODE = YES;
				CLANG_WARN__DUPLICATE_METHOD_MATCH = YES;
				COPY_PHASE_STRIP = NO;
				DEBUG_INFORMATION_FORMAT = "dwarf-with-dsym";
				ENABLE_NS_ASSERTIONS = NO;
				ENABLE_STRICT_OBJC_MSGSEND = YES;
				GCC_C_LANGUAGE_STANDARD = gnu11;
				GCC_NO_COMMON_BLOCKS = YES;
				GCC_WARN_64_TO_32_BIT_CONVERSION = YES;
				GCC_WARN_ABOUT_RETURN_TYPE = YES_ERROR;
				GCC_WARN_UNDECLARED_SELECTOR = YES;
				GCC_WARN_UNINITIALIZED_AUTOS = YES_AGGRESSIVE;
				GCC_WARN_UNUSED_FUNCTION = YES;
				GCC_WARN_UNUSED_VARIABLE = YES;
				IPHONEOS_DEPLOYMENT_TARGET = 13.4;
				MTL_ENABLE_DEBUG_INFO = NO;
				MTL_FAST_MATH = YES;
				SDKROOT = iphoneos;
				VALIDATE_PRODUCT = YES;
			};
			name = Release;
		};
		A03F0AB6245677AC004E3AAB /* Debug */ = {
			isa = XCBuildConfiguration;
			baseConfigurationReference = 89E19AA926BFD762C84F0AAE /* Pods-BaihuTest.debug.xcconfig */;
			buildSettings = {
				ASSETCATALOG_COMPILER_APPICON_NAME = AppIcon;
				CLANG_ENABLE_MODULES = YES;
				CODE_SIGN_IDENTITY = "iPhone Developer";
				CODE_SIGN_STYLE = Manual;
				DEVELOPMENT_TEAM = 25372VQL85;
				INFOPLIST_FILE = BaihuTest/Info.plist;
				IPHONEOS_DEPLOYMENT_TARGET = 13.1;
				LD_RUNPATH_SEARCH_PATHS = (
					"$(inherited)",
					"@executable_path/Frameworks",
				);
				PRODUCT_BUNDLE_IDENTIFIER = com.baihu;
				PRODUCT_NAME = "$(TARGET_NAME)";
				PROVISIONING_PROFILE_SPECIFIER = baihu_pet;
				SWIFT_OBJC_BRIDGING_HEADER = "BaihuTest/base/BaihuTest-Bridging-Header.h";
				SWIFT_OPTIMIZATION_LEVEL = "-Onone";
				SWIFT_VERSION = 5.0;
				TARGETED_DEVICE_FAMILY = 1;
			};
			name = Debug;
		};
		A03F0AB7245677AC004E3AAB /* Release */ = {
			isa = XCBuildConfiguration;
			baseConfigurationReference = 923C64EEB7EB21A13B19A1F0 /* Pods-BaihuTest.release.xcconfig */;
			buildSettings = {
				ASSETCATALOG_COMPILER_APPICON_NAME = AppIcon;
				CLANG_ENABLE_MODULES = YES;
				CODE_SIGN_IDENTITY = "iPhone Distribution";
				CODE_SIGN_STYLE = Manual;
				DEVELOPMENT_TEAM = 25372VQL85;
				INFOPLIST_FILE = BaihuTest/Info.plist;
				IPHONEOS_DEPLOYMENT_TARGET = 13.1;
				LD_RUNPATH_SEARCH_PATHS = (
					"$(inherited)",
					"@executable_path/Frameworks",
				);
				PRODUCT_BUNDLE_IDENTIFIER = com.baihu;
				PRODUCT_NAME = "$(TARGET_NAME)";
				PROVISIONING_PROFILE_SPECIFIER = baihu_pet_distri;
				SWIFT_OBJC_BRIDGING_HEADER = "BaihuTest/base/BaihuTest-Bridging-Header.h";
				SWIFT_VERSION = 5.0;
				TARGETED_DEVICE_FAMILY = 1;
			};
			name = Release;
		};
		A03F0AB9245677AC004E3AAB /* Debug */ = {
			isa = XCBuildConfiguration;
			baseConfigurationReference = C1BF29D1C1856307481D7DA2 /* Pods-BaihuTestTests.debug.xcconfig */;
			buildSettings = {
				ALWAYS_EMBED_SWIFT_STANDARD_LIBRARIES = YES;
				BUNDLE_LOADER = "$(TEST_HOST)";
				CODE_SIGN_STYLE = Automatic;
				DEVELOPMENT_TEAM = 25372VQL85;
				INFOPLIST_FILE = BaihuTestTests/Info.plist;
				IPHONEOS_DEPLOYMENT_TARGET = 13.4;
				LD_RUNPATH_SEARCH_PATHS = (
					"$(inherited)",
					"@executable_path/Frameworks",
					"@loader_path/Frameworks",
				);
				PRODUCT_BUNDLE_IDENTIFIER = youdao.BaihuTestTests;
				PRODUCT_NAME = "$(TARGET_NAME)";
				TARGETED_DEVICE_FAMILY = "1,2";
				TEST_HOST = "$(BUILT_PRODUCTS_DIR)/BaihuTest.app/BaihuTest";
			};
			name = Debug;
		};
		A03F0ABA245677AC004E3AAB /* Release */ = {
			isa = XCBuildConfiguration;
			baseConfigurationReference = DA25E4D479EB1C21DD56B0D1 /* Pods-BaihuTestTests.release.xcconfig */;
			buildSettings = {
				ALWAYS_EMBED_SWIFT_STANDARD_LIBRARIES = YES;
				BUNDLE_LOADER = "$(TEST_HOST)";
				CODE_SIGN_STYLE = Automatic;
				DEVELOPMENT_TEAM = 25372VQL85;
				INFOPLIST_FILE = BaihuTestTests/Info.plist;
				IPHONEOS_DEPLOYMENT_TARGET = 13.4;
				LD_RUNPATH_SEARCH_PATHS = (
					"$(inherited)",
					"@executable_path/Frameworks",
					"@loader_path/Frameworks",
				);
				PRODUCT_BUNDLE_IDENTIFIER = youdao.BaihuTestTests;
				PRODUCT_NAME = "$(TARGET_NAME)";
				TARGETED_DEVICE_FAMILY = "1,2";
				TEST_HOST = "$(BUILT_PRODUCTS_DIR)/BaihuTest.app/BaihuTest";
			};
			name = Release;
		};
		A03F0ABC245677AC004E3AAB /* Debug */ = {
			isa = XCBuildConfiguration;
			baseConfigurationReference = F6B8C94A979558132BC7F54E /* Pods-BaihuTest-BaihuTestUITests.debug.xcconfig */;
			buildSettings = {
				ALWAYS_EMBED_SWIFT_STANDARD_LIBRARIES = YES;
				CODE_SIGN_STYLE = Automatic;
				DEVELOPMENT_TEAM = 25372VQL85;
				INFOPLIST_FILE = BaihuTestUITests/Info.plist;
				LD_RUNPATH_SEARCH_PATHS = (
					"$(inherited)",
					"@executable_path/Frameworks",
					"@loader_path/Frameworks",
				);
				PRODUCT_BUNDLE_IDENTIFIER = youdao.BaihuTestUITests;
				PRODUCT_NAME = "$(TARGET_NAME)";
				TARGETED_DEVICE_FAMILY = "1,2";
				TEST_TARGET_NAME = BaihuTest;
			};
			name = Debug;
		};
		A03F0ABD245677AC004E3AAB /* Release */ = {
			isa = XCBuildConfiguration;
			baseConfigurationReference = 957F973674B448F2C32A7F3E /* Pods-BaihuTest-BaihuTestUITests.release.xcconfig */;
			buildSettings = {
				ALWAYS_EMBED_SWIFT_STANDARD_LIBRARIES = YES;
				CODE_SIGN_STYLE = Automatic;
				DEVELOPMENT_TEAM = 25372VQL85;
				INFOPLIST_FILE = BaihuTestUITests/Info.plist;
				LD_RUNPATH_SEARCH_PATHS = (
					"$(inherited)",
					"@executable_path/Frameworks",
					"@loader_path/Frameworks",
				);
				PRODUCT_BUNDLE_IDENTIFIER = youdao.BaihuTestUITests;
				PRODUCT_NAME = "$(TARGET_NAME)";
				TARGETED_DEVICE_FAMILY = "1,2";
				TEST_TARGET_NAME = BaihuTest;
			};
			name = Release;
		};
/* End XCBuildConfiguration section */

/* Begin XCConfigurationList section */
		A03F0A81245677A8004E3AAB /* Build configuration list for PBXProject "BaihuTest" */ = {
			isa = XCConfigurationList;
			buildConfigurations = (
				A03F0AB3245677AC004E3AAB /* Debug */,
				A03F0AB4245677AC004E3AAB /* Release */,
			);
			defaultConfigurationIsVisible = 0;
			defaultConfigurationName = Release;
		};
		A03F0AB5245677AC004E3AAB /* Build configuration list for PBXNativeTarget "BaihuTest" */ = {
			isa = XCConfigurationList;
			buildConfigurations = (
				A03F0AB6245677AC004E3AAB /* Debug */,
				A03F0AB7245677AC004E3AAB /* Release */,
			);
			defaultConfigurationIsVisible = 0;
			defaultConfigurationName = Release;
		};
		A03F0AB8245677AC004E3AAB /* Build configuration list for PBXNativeTarget "BaihuTestTests" */ = {
			isa = XCConfigurationList;
			buildConfigurations = (
				A03F0AB9245677AC004E3AAB /* Debug */,
				A03F0ABA245677AC004E3AAB /* Release */,
			);
			defaultConfigurationIsVisible = 0;
			defaultConfigurationName = Release;
		};
		A03F0ABB245677AC004E3AAB /* Build configuration list for PBXNativeTarget "BaihuTestUITests" */ = {
			isa = XCConfigurationList;
			buildConfigurations = (
				A03F0ABC245677AC004E3AAB /* Debug */,
				A03F0ABD245677AC004E3AAB /* Release */,
			);
			defaultConfigurationIsVisible = 0;
			defaultConfigurationName = Release;
		};
/* End XCConfigurationList section */
	};
	rootObject = A03F0A7E245677A8004E3AAB /* Project object */;
}
